
Microsoft Visual Studio Solution File, Format Version 12.00
# Visual Studio 14
VisualStudioVersion = 14.0.25420.1
MinimumVisualStudioVersion = 10.0.40219.1
Project("{8BC9CEB8-8B4A-11D0-8D11-00A0C91BC942}") = "variable01", "variable01\variable01.vcxproj", "{8B6430C2-DE01-4E99-AFED-C55869772EF7}"
EndProject
Project("{8BC9CEB8-8B4A-11D0-8D11-00A0C91BC942}") = "Swapper", "Swapper\Swapper.vcxproj", "{CC7268A5-49D5-4AB3-B318-7F7B8D0DA4EB}"
EndProject
Project("{8BC9CEB8-8B4A-11D0-8D11-00A0C91BC942}") = "alphabet", "alphabet\alphabet.vcxproj", "{4F6BF47E-B541-432F-B5CC-77238D8C2882}"
EndProject
Project("{8BC9CEB8-8B4A-11D0-8D11-00A0C91BC942}") = "ifElseif", "ifElseif\ifElseif.vcxproj", "{A19DBF92-5D0A-4727-939E-5AC06871D051}"
EndProject
Project("{8BC9CEB8-8B4A-11D0-8D11-00A0C91BC942}") = "Loops", "Loops\Loops.vcxproj", "{15DEA3E2-D5DF-45C2-974A-54B90A1AF4A0}"
EndProject
Project("{8BC9CEB8-8B4A-11D0-8D11-00A0C91BC942}") = "Array", "Array\Array.vcxproj", "{61683725-8E16-4359-BA87-117F7D94306F}"
EndProject
Project("{8BC9CEB8-8B4A-11D0-8D11-00A0C91BC942}") = "fizzbuzz", "fizzbuzz\fizzbuzz.vcxproj", "{91762408-88F9-4CF2-9479-15A3C3F8EFDC}"
EndProject
Global
	GlobalSection(SolutionConfigurationPlatforms) = preSolution
		Debug|x64 = Debug|x64
		Debug|x86 = Debug|x86
		Release|x64 = Release|x64
		Release|x86 = Release|x86
	EndGlobalSection
	GlobalSection(ProjectConfigurationPlatforms) = postSolution
		{8B6430C2-DE01-4E99-AFED-C55869772EF7}.Debug|x64.ActiveCfg = Debug|x64
		{8B6430C2-DE01-4E99-AFED-C55869772EF7}.Debug|x64.Build.0 = Debug|x64
		{8B6430C2-DE01-4E99-AFED-C55869772EF7}.Debug|x86.ActiveCfg = Debug|Win32
		{8B6430C2-DE01-4E99-AFED-C55869772EF7}.Debug|x86.Build.0 = Debug|Win32
		{8B6430C2-DE01-4E99-AFED-C55869772EF7}.Release|x64.ActiveCfg = Release|x64
		{8B6430C2-DE01-4E99-AFED-C55869772EF7}.Release|x64.Build.0 = Release|x64
		{8B6430C2-DE01-4E99-AFED-C55869772EF7}.Release|x86.ActiveCfg = Release|Win32
		{8B6430C2-DE01-4E99-AFED-C55869772EF7}.Release|x86.Build.0 = Release|Win32
		{CC7268A5-49D5-4AB3-B318-7F7B8D0DA4EB}.Debug|x64.ActiveCfg = Debug|x64
		{CC7268A5-49D5-4AB3-B318-7F7B8D0DA4EB}.Debug|x64.Build.0 = Debug|x64
		{CC7268A5-49D5-4AB3-B318-7F7B8D0DA4EB}.Debug|x86.ActiveCfg = Debug|Win32
		{CC7268A5-49D5-4AB3-B318-7F7B8D0DA4EB}.Debug|x86.Build.0 = Debug|Win32
		{CC7268A5-49D5-4AB3-B318-7F7B8D0DA4EB}.Release|x64.ActiveCfg = Release|x64
		{CC7268A5-49D5-4AB3-B318-7F7B8D0DA4EB}.Release|x64.Build.0 = Release|x64
		{CC7268A5-49D5-4AB3-B318-7F7B8D0DA4EB}.Release|x86.ActiveCfg = Release|Win32
		{CC7268A5-49D5-4AB3-B318-7F7B8D0DA4EB}.Release|x86.Build.0 = Release|Win32
		{4F6BF47E-B541-432F-B5CC-77238D8C2882}.Debug|x64.ActiveCfg = Debug|x64
		{4F6BF47E-B541-432F-B5CC-77238D8C2882}.Debug|x64.Build.0 = Debug|x64
		{4F6BF47E-B541-432F-B5CC-77238D8C2882}.Debug|x86.ActiveCfg = Debug|Win32
		{4F6BF47E-B541-432F-B5CC-77238D8C2882}.Debug|x86.Build.0 = Debug|Win32
		{4F6BF47E-B541-432F-B5CC-77238D8C2882}.Release|x64.ActiveCfg = Release|x64
		{4F6BF47E-B541-432F-B5CC-77238D8C2882}.Release|x64.Build.0 = Release|x64
		{4F6BF47E-B541-432F-B5CC-77238D8C2882}.Release|x86.ActiveCfg = Release|Win32
		{4F6BF47E-B541-432F-B5CC-77238D8C2882}.Release|x86.Build.0 = Release|Win32
		{A19DBF92-5D0A-4727-939E-5AC06871D051}.Debug|x64.ActiveCfg = Debug|x64
		{A19DBF92-5D0A-4727-939E-5AC06871D051}.Debug|x64.Build.0 = Debug|x64
		{A19DBF92-5D0A-4727-939E-5AC06871D051}.Debug|x86.ActiveCfg = Debug|Win32
		{A19DBF92-5D0A-4727-939E-5AC06871D051}.Debug|x86.Build.0 = Debug|Win32
		{A19DBF92-5D0A-4727-939E-5AC06871D051}.Release|x64.ActiveCfg = Release|x64
		{A19DBF92-5D0A-4727-939E-5AC06871D051}.Release|x64.Build.0 = Release|x64
		{A19DBF92-5D0A-4727-939E-5AC06871D051}.Release|x86.ActiveCfg = Release|Win32
		{A19DBF92-5D0A-4727-939E-5AC06871D051}.Release|x86.Build.0 = Release|Win32
		{15DEA3E2-D5DF-45C2-974A-54B90A1AF4A0}.Debug|x64.ActiveCfg = Debug|x64
		{15DEA3E2-D5DF-45C2-974A-54B90A1AF4A0}.Debug|x64.Build.0 = Debug|x64
		{15DEA3E2-D5DF-45C2-974A-54B90A1AF4A0}.Debug|x86.ActiveCfg = Debug|Win32
		{15DEA3E2-D5DF-45C2-974A-54B90A1AF4A0}.Debug|x86.Build.0 = Debug|Win32
		{15DEA3E2-D5DF-45C2-974A-54B90A1AF4A0}.Release|x64.ActiveCfg = Release|x64
		{15DEA3E2-D5DF-45C2-974A-54B90A1AF4A0}.Release|x64.Build.0 = Release|x64
		{15DEA3E2-D5DF-45C2-974A-54B90A1AF4A0}.Release|x86.ActiveCfg = Release|Win32
		{15DEA3E2-D5DF-45C2-974A-54B90A1AF4A0}.Release|x86.Build.0 = Release|Win32
		{61683725-8E16-4359-BA87-117F7D94306F}.Debug|x64.ActiveCfg = Debug|x64
		{61683725-8E16-4359-BA87-117F7D94306F}.Debug|x64.Build.0 = Debug|x64
		{61683725-8E16-4359-BA87-117F7D94306F}.Debug|x86.ActiveCfg = Debug|Win32
		{61683725-8E16-4359-BA87-117F7D94306F}.Debug|x86.Build.0 = Debug|Win32
		{61683725-8E16-4359-BA87-117F7D94306F}.Release|x64.ActiveCfg = Release|x64
		{61683725-8E16-4359-BA87-117F7D94306F}.Release|x64.Build.0 = Release|x64
		{61683725-8E16-4359-BA87-117F7D94306F}.Release|x86.ActiveCfg = Release|Win32
		{61683725-8E16-4359-BA87-117F7D94306F}.Release|x86.Build.0 = Release|Win32
		{91762408-88F9-4CF2-9479-15A3C3F8EFDC}.Debug|x64.ActiveCfg = Debug|x64
		{91762408-88F9-4CF2-9479-15A3C3F8EFDC}.Debug|x64.Build.0 = Debug|x64
		{91762408-88F9-4CF2-9479-15A3C3F8EFDC}.Debug|x86.ActiveCfg = Debug|Win32
		{91762408-88F9-4CF2-9479-15A3C3F8EFDC}.Debug|x86.Build.0 = Debug|Win32
		{91762408-88F9-4CF2-9479-15A3C3F8EFDC}.Release|x64.ActiveCfg = Release|x64
		{91762408-88F9-4CF2-9479-15A3C3F8EFDC}.Release|x64.Build.0 = Release|x64
		{91762408-88F9-4CF2-9479-15A3C3F8EFDC}.Release|x86.ActiveCfg = Release|Win32
		{91762408-88F9-4CF2-9479-15A3C3F8EFDC}.Release|x86.Build.0 = Release|Win32
	EndGlobalSection
	GlobalSection(SolutionProperties) = preSolution
		HideSolutionNode = FALSE
	EndGlobalSection
EndGlobal
